Microsoft Visual Studio Solution File, Format Version 11.00
# Visual Studio 2008

Project("{7C4E4AFB-C59F-7E35-BC15-6ACE1878C15B}") = "Solo_Project", "Assembly-CSharp-firstpass.csproj", "{A835797A-40CD-8BC1-4EC6-C044B1AA824A}"
EndProject
Project("{7C4E4AFB-C59F-7E35-BC15-6ACE1878C15B}") = "Solo_Project", "Assembly-CSharp.csproj", "{280418C5-C191-F998-9AF6-4B7B3816D3E5}"
EndProject
Project("{7C4E4AFB-C59F-7E35-BC15-6ACE1878C15B}") = "Solo_Project", "Assembly-CSharp-Editor.csproj", "{9DAB3691-A529-1304-94EE-92CB48BEF63C}"
EndProject
Global
	GlobalSection(SolutionConfigurationPlatforms) = preSolution
		Debug|Any CPU = Debug|Any CPU
		Release|Any CPU = Release|Any CPU
	EndGlobalSection
	GlobalSection(ProjectConfigurationPlatforms) = postSolution
		{A835797A-40CD-8BC1-4EC6-C044B1AA824A}.Debug|Any CPU.ActiveCfg = Debug|Any CPU
		{A835797A-40CD-8BC1-4EC6-C044B1AA824A}.Debug|Any CPU.Build.0 = Debug|Any CPU
		{A835797A-40CD-8BC1-4EC6-C044B1AA824A}.Release|Any CPU.ActiveCfg = Release|Any CPU
		{A835797A-40CD-8BC1-4EC6-C044B1AA824A}.Release|Any CPU.Build.0 = Release|Any CPU
		{280418C5-C191-F998-9AF6-4B7B3816D3E5}.Debug|Any CPU.ActiveCfg = Debug|Any CPU
		{280418C5-C191-F998-9AF6-4B7B3816D3E5}.Debug|Any CPU.Build.0 = Debug|Any CPU
		{280418C5-C191-F998-9AF6-4B7B3816D3E5}.Release|Any CPU.ActiveCfg = Release|Any CPU
		{280418C5-C191-F998-9AF6-4B7B3816D3E5}.Release|Any CPU.Build.0 = Release|Any CPU
		{9DAB3691-A529-1304-94EE-92CB48BEF63C}.Debug|Any CPU.ActiveCfg = Debug|Any CPU
		{9DAB3691-A529-1304-94EE-92CB48BEF63C}.Debug|Any CPU.Build.0 = Debug|Any CPU
		{9DAB3691-A529-1304-94EE-92CB48BEF63C}.Release|Any CPU.ActiveCfg = Release|Any CPU
		{9DAB3691-A529-1304-94EE-92CB48BEF63C}.Release|Any CPU.Build.0 = Release|Any CPU
	EndGlobalSection
	GlobalSection(SolutionProperties) = preSolution
		HideSolutionNode = FALSE
	EndGlobalSection
	GlobalSection(MonoDevelopProperties) = preSolution
		StartupItem = Assembly-CSharp.csproj
	EndGlobalSection
EndGlobal
